
Microsoft Visual Studio Solution File, Format Version 12.00
# Visual Studio 15
VisualStudioVersion = 15.0.26730.15
MinimumVisualStudioVersion = 10.0.40219.1
Project("{FAE04EC0-301F-11D3-BF4B-00C04F79EFBC}") = "DataDumper", "DataDumper\DataDumper.csproj", "{0280C820-E866-419A-8128-766D1EF36811}"
EndProject
Global
	GlobalSection(SolutionConfigurationPlatforms) = preSolution
		Debug|Any CPU = Debug|Any CPU
		Release|Any CPU = Release|Any CPU
	EndGlobalSection
	GlobalSection(ProjectConfigurationPlatforms) = postSolution
		{0280C820-E866-419A-8128-766D1EF36811}.Debug|Any CPU.ActiveCfg = Debug|Any CPU
		{0280C820-E866-419A-8128-766D1EF36811}.Debug|Any CPU.Build.0 = Debug|Any CPU
		{0280C820-E866-419A-8128-766D1EF36811}.Release|Any CPU.ActiveCfg = Release|Any CPU
		{0280C820-E866-419A-8128-766D1EF36811}.Release|Any CPU.Build.0 = Release|Any CPU
	EndGlobalSection
	GlobalSection(SolutionProperties) = preSolution
		HideSolutionNode = FALSE
	EndGlobalSection
	GlobalSection(ExtensibilityGlobals) = postSolution
		SolutionGuid = {196A02A5-EE66-4356-B485-57B9B9613A21}
	EndGlobalSection
EndGlobal
